
Microsoft Visual Studio Solution File, Format Version 12.00
# Visual Studio Version 17
VisualStudioVersion = 17.13.35818.85 d17.13
MinimumVisualStudioVersion = 10.0.40219.1
Project("{FAE04EC0-301F-11D3-BF4B-00C04F79EFBC}") = "PresensiQRBackend", "PresensiQRBackend.csproj", "{3C6F386A-38EF-4FA3-A171-2C74077802B3}"
EndProject
Global
	GlobalSection(SolutionConfigurationPlatforms) = preSolution
		Debug|Any CPU = Debug|Any CPU
		Release|Any CPU = Release|Any CPU
	EndGlobalSection
	GlobalSection(ProjectConfigurationPlatforms) = postSolution
		{3C6F386A-38EF-4FA3-A171-2C74077802B3}.Debug|Any CPU.ActiveCfg = Debug|Any CPU
		{3C6F386A-38EF-4FA3-A171-2C74077802B3}.Debug|Any CPU.Build.0 = Debug|Any CPU
		{3C6F386A-38EF-4FA3-A171-2C74077802B3}.Release|Any CPU.ActiveCfg = Release|Any CPU
		{3C6F386A-38EF-4FA3-A171-2C74077802B3}.Release|Any CPU.Build.0 = Release|Any CPU
	EndGlobalSection
	GlobalSection(SolutionProperties) = preSolution
		HideSolutionNode = FALSE
	EndGlobalSection
	GlobalSection(ExtensibilityGlobals) = postSolution
		SolutionGuid = {E5D6E4A2-C8D5-453D-97A4-D8AC05D12FDD}
	EndGlobalSection
EndGlobal
